
Microsoft Visual Studio Solution File, Format Version 12.00
# Visual Studio 2013
Project("{8BC9CEB8-8B4A-11D0-8D11-00A0C91BC942}") = "ProceduralMesh", "Intermediate\ProjectFiles\ProceduralMesh.vcxproj", "{B96D88A1-3141-4866-BBDA-279295E139E9}"
	ProjectSection(ProjectDependencies) = postProject
	EndProjectSection
EndProject
Global
	GlobalSection(SolutionConfigurationPlatforms) = preSolution
		DebugGame Editor|Windows = DebugGame Editor|Windows
		DebugGame|Windows = DebugGame|Windows
		Development Editor|Windows = Development Editor|Windows
		Development|Windows = Development|Windows
		Shipping|Windows = Shipping|Windows
	EndGlobalSection
	GlobalSection(ProjectConfigurationPlatforms) = postSolution
		{B96D88A1-3141-4866-BBDA-279295E139E9}.DebugGame Editor|Windows.ActiveCfg = DebugGame_Editor|x64
		{B96D88A1-3141-4866-BBDA-279295E139E9}.DebugGame Editor|Windows.Build.0 = DebugGame_Editor|x64
		{B96D88A1-3141-4866-BBDA-279295E139E9}.DebugGame|Windows.ActiveCfg = DebugGame_RocketGame|x64
		{B96D88A1-3141-4866-BBDA-279295E139E9}.DebugGame|Windows.Build.0 = DebugGame_RocketGame|x64
		{B96D88A1-3141-4866-BBDA-279295E139E9}.Development Editor|Windows.ActiveCfg = Development_Editor|x64
		{B96D88A1-3141-4866-BBDA-279295E139E9}.Development Editor|Windows.Build.0 = Development_Editor|x64
		{B96D88A1-3141-4866-BBDA-279295E139E9}.Development|Windows.ActiveCfg = Development_RocketGame|x64
		{B96D88A1-3141-4866-BBDA-279295E139E9}.Development|Windows.Build.0 = Development_RocketGame|x64
		{B96D88A1-3141-4866-BBDA-279295E139E9}.Shipping|Windows.ActiveCfg = Shipping_RocketGame|Win32
		{B96D88A1-3141-4866-BBDA-279295E139E9}.Shipping|Windows.Build.0 = Shipping_RocketGame|Win32
	EndGlobalSection
	GlobalSection(SolutionProperties) = preSolution
		HideSolutionNode = FALSE
	EndGlobalSection
	GlobalSection(NestedProjects) = preSolution
	EndGlobalSection
EndGlobal
